// !$*UTF8*$!
{
	archiveVersion = 1;
	classes = {
	};
	objectVersion = 48;
	objects = {

/* Begin PBXBuildFile section */
		60E87A3A9DEABB149B434B3C /* Pods_TestUnit.framework in Frameworks */ = {isa = PBXBuildFile; fileRef = 3951DF9011B4BED659702970 /* Pods_TestUnit.framework */; };
		6834918A207214DACE6FB6F5 /* Pods_TestUnit_TestUnitUITests.framework in Frameworks */ = {isa = PBXBuildFile; fileRef = A8E2C7771FECE85F008209B0 /* Pods_TestUnit_TestUnitUITests.framework */; };
		7AD561AB7012DBA2DD694339 /* Pods_TestUnit_TestUnitTests.framework in Frameworks */ = {isa = PBXBuildFile; fileRef = 0C01F8CF6E83E7D0CB619E87 /* Pods_TestUnit_TestUnitTests.framework */; };
		94B19583F180FDB34A6E2752 /* Pods_TestUnit_TestUnitUITests.framework in Frameworks */ = {isa = PBXBuildFile; fileRef = 0E8A6CDE4676AF8B33B51331 /* Pods_TestUnit_TestUnitUITests.framework */; };
		A818A76B1FFCBA200046F6D7 /* libOCMock.a in Frameworks */ = {isa = PBXBuildFile; fileRef = A818A76A1FFCBA200046F6D7 /* libOCMock.a */; };
		A818A76C1FFCBA460046F6D7 /* libOCMock.a in Frameworks */ = {isa = PBXBuildFile; fileRef = A818A76A1FFCBA200046F6D7 /* libOCMock.a */; };
		A818A7701FFDB4370046F6D7 /* LoginViewController.swift in Sources */ = {isa = PBXBuildFile; fileRef = A8FA2EC81FF35174001E5013 /* LoginViewController.swift */; };
		A821741A1FFF680500FAA1FB /* SecondViewController.swift in Sources */ = {isa = PBXBuildFile; fileRef = A8FA2EEF1FF392A6001E5013 /* SecondViewController.swift */; };
		A821741B1FFF681B00FAA1FB /* RegisterViewController.swift in Sources */ = {isa = PBXBuildFile; fileRef = A8FA2EF31FF395E5001E5013 /* RegisterViewController.swift */; };
		A821741C1FFF684100FAA1FB /* ForgetPasswordViewController.swift in Sources */ = {isa = PBXBuildFile; fileRef = A8FA2EF71FF395FB001E5013 /* ForgetPasswordViewController.swift */; };
		A821741D1FFF684B00FAA1FB /* ThirdViewController.swift in Sources */ = {isa = PBXBuildFile; fileRef = A8FA2ECC1FF35184001E5013 /* ThirdViewController.swift */; };
		A821741E1FFF6A1F00FAA1FB /* FooterVier.swift in Sources */ = {isa = PBXBuildFile; fileRef = A8FA2F041FF49BF3001E5013 /* FooterVier.swift */; };
		A821741F1FFF6A3600FAA1FB /* RegisterCell.swift in Sources */ = {isa = PBXBuildFile; fileRef = A8FA2EFC1FF48487001E5013 /* RegisterCell.swift */; };
		A82174201FFF6A3A00FAA1FB /* RegisterCodeCell.swift in Sources */ = {isa = PBXBuildFile; fileRef = A8FA2F001FF48BDD001E5013 /* RegisterCodeCell.swift */; };
		A82174211FFF6A3F00FAA1FB /* AppDelegate.swift in Sources */ = {isa = PBXBuildFile; fileRef = A8EDD3F21FE21104004D97D1 /* AppDelegate.swift */; };
		A82174221FFF6A4200FAA1FB /* BaseNavigationController.swift in Sources */ = {isa = PBXBuildFile; fileRef = A8FA2EC61FF350D9001E5013 /* BaseNavigationController.swift */; };
		A82174241FFF72B800FAA1FB /* DataProvider.swift in Sources */ = {isa = PBXBuildFile; fileRef = A82174231FFF72B700FAA1FB /* DataProvider.swift */; };
		A8217425200302EF00FAA1FB /* BaseModel.swift in Sources */ = {isa = PBXBuildFile; fileRef = A8E2C7871FF098D4008209B0 /* BaseModel.swift */; };
		A83EE62E20030DC80067E428 /* DataProvider.swift in Sources */ = {isa = PBXBuildFile; fileRef = A82174231FFF72B700FAA1FB /* DataProvider.swift */; };
		A83EE633200315020067E428 /* Dolphin.swift in Sources */ = {isa = PBXBuildFile; fileRef = A83EE632200315020067E428 /* Dolphin.swift */; };
		A83EE634200317010067E428 /* Dolphin.swift in Sources */ = {isa = PBXBuildFile; fileRef = A83EE632200315020067E428 /* Dolphin.swift */; };
		A8584770200454EA009C4BD6 /* NimbleExpect.swift in Sources */ = {isa = PBXBuildFile; fileRef = A858476F200454EA009C4BD6 /* NimbleExpect.swift */; };
		A85ED5261FFC6BA3008C4CAE /* ViewController.swift in Sources */ = {isa = PBXBuildFile; fileRef = A8EDD3F41FE21104004D97D1 /* ViewController.swift */; };
		A8A47F371FF0DA13000CE4EE /* UnitConversionsTests.swift in Sources */ = {isa = PBXBuildFile; fileRef = A8A47F361FF0DA13000CE4EE /* UnitConversionsTests.swift */; };
		A8E2C7761FECE85F008209B0 /* Pods_TestUnit_TestUnitUITests.framework in Frameworks */ = {isa = PBXBuildFile; fileRef = A8E2C7771FECE85F008209B0 /* Pods_TestUnit_TestUnitUITests.framework */; };
		A8E2C7781FECE8CF008209B0 /* Pods_TestUnit_TestUnitTests.framework in Frameworks */ = {isa = PBXBuildFile; fileRef = 0C01F8CF6E83E7D0CB619E87 /* Pods_TestUnit_TestUnitTests.framework */; };
		A8E2C7791FECE8CF008209B0 /* Pods_TestUnit_TestUnitTests.framework in Embed Frameworks */ = {isa = PBXBuildFile; fileRef = 0C01F8CF6E83E7D0CB619E87 /* Pods_TestUnit_TestUnitTests.framework */; settings = {ATTRIBUTES = (CodeSignOnCopy, RemoveHeadersOnCopy, ); }; };
		A8E2C77A1FECE8CF008209B0 /* Pods_TestUnit_TestUnitUITests.framework in Frameworks */ = {isa = PBXBuildFile; fileRef = A8E2C7771FECE85F008209B0 /* Pods_TestUnit_TestUnitUITests.framework */; };
		A8E2C77B1FECE8CF008209B0 /* Pods_TestUnit_TestUnitUITests.framework in Embed Frameworks */ = {isa = PBXBuildFile; fileRef = A8E2C7771FECE85F008209B0 /* Pods_TestUnit_TestUnitUITests.framework */; settings = {ATTRIBUTES = (CodeSignOnCopy, RemoveHeadersOnCopy, ); }; };
		A8EDD3F31FE21104004D97D1 /* AppDelegate.swift in Sources */ = {isa = PBXBuildFile; fileRef = A8EDD3F21FE21104004D97D1 /* AppDelegate.swift */; };
		A8EDD3F51FE21104004D97D1 /* ViewController.swift in Sources */ = {isa = PBXBuildFile; fileRef = A8EDD3F41FE21104004D97D1 /* ViewController.swift */; };
		A8EDD3F81FE21104004D97D1 /* Main.storyboard in Resources */ = {isa = PBXBuildFile; fileRef = A8EDD3F61FE21104004D97D1 /* Main.storyboard */; };
		A8EDD3FB1FE21104004D97D1 /* TestUnit.xcdatamodeld in Sources */ = {isa = PBXBuildFile; fileRef = A8EDD3F91FE21104004D97D1 /* TestUnit.xcdatamodeld */; };
		A8EDD3FD1FE21104004D97D1 /* Assets.xcassets in Resources */ = {isa = PBXBuildFile; fileRef = A8EDD3FC1FE21104004D97D1 /* Assets.xcassets */; };
		A8EDD4001FE21104004D97D1 /* LaunchScreen.storyboard in Resources */ = {isa = PBXBuildFile; fileRef = A8EDD3FE1FE21104004D97D1 /* LaunchScreen.storyboard */; };
		A8EDD40B1FE21104004D97D1 /* TestUnitTests.swift in Sources */ = {isa = PBXBuildFile; fileRef = A8EDD40A1FE21104004D97D1 /* TestUnitTests.swift */; };
		A8EDD4161FE21104004D97D1 /* TestUnitUITests.swift in Sources */ = {isa = PBXBuildFile; fileRef = A8EDD4151FE21104004D97D1 /* TestUnitUITests.swift */; };
		A8EEDF1E201821DE000249AD /* OCMock.framework in Frameworks */ = {isa = PBXBuildFile; fileRef = A8EEDF1D201821DD000249AD /* OCMock.framework */; };
		A8EEDF1F201821FC000249AD /* OCMock.framework in Embed Frameworks */ = {isa = PBXBuildFile; fileRef = A8EEDF1D201821DD000249AD /* OCMock.framework */; settings = {ATTRIBUTES = (CodeSignOnCopy, RemoveHeadersOnCopy, ); }; };
		A8EEDF212018224C000249AD /* OCMOCKTest.swift in Sources */ = {isa = PBXBuildFile; fileRef = A8EEDF202018224C000249AD /* OCMOCKTest.swift */; };
		A8EEDF22201822FA000249AD /* OCMock.framework in Frameworks */ = {isa = PBXBuildFile; fileRef = A8EEDF1D201821DD000249AD /* OCMock.framework */; };
		A8EEDF3620183934000249AD /* OHHTTPStubsTest.swift in Sources */ = {isa = PBXBuildFile; fileRef = A8EEDF3520183934000249AD /* OHHTTPStubsTest.swift */; };
		A8FA2EBD1FF34D69001E5013 /* CalculatorKit.framework in Frameworks */ = {isa = PBXBuildFile; fileRef = A8FA2EBC1FF34D69001E5013 /* CalculatorKit.framework */; };
		A8FA2EBE1FF34DA9001E5013 /* CalculatorKit.framework in Frameworks */ = {isa = PBXBuildFile; fileRef = A8FA2EBC1FF34D69001E5013 /* CalculatorKit.framework */; };
		A8FA2EBF1FF34DA9001E5013 /* CalculatorKit.framework in Embed Frameworks */ = {isa = PBXBuildFile; fileRef = A8FA2EBC1FF34D69001E5013 /* CalculatorKit.framework */; settings = {ATTRIBUTES = (CodeSignOnCopy, RemoveHeadersOnCopy, ); }; };
		A8FA2EC11FF34E28001E5013 /* HandyJSON.framework in Frameworks */ = {isa = PBXBuildFile; fileRef = A8FA2EC01FF34E28001E5013 /* HandyJSON.framework */; };
		A8FA2EC21FF34E42001E5013 /* HandyJSON.framework in Frameworks */ = {isa = PBXBuildFile; fileRef = A8FA2EC01FF34E28001E5013 /* HandyJSON.framework */; };
		A8FA2EC31FF34E42001E5013 /* HandyJSON.framework in Embed Frameworks */ = {isa = PBXBuildFile; fileRef = A8FA2EC01FF34E28001E5013 /* HandyJSON.framework */; settings = {ATTRIBUTES = (CodeSignOnCopy, RemoveHeadersOnCopy, ); }; };
		A8FA2EC41FF34EA2001E5013 /* HandyJSON.framework in Frameworks */ = {isa = PBXBuildFile; fileRef = A8FA2EC01FF34E28001E5013 /* HandyJSON.framework */; };
		A8FA2EC51FF34F7B001E5013 /* BaseModel.swift in Sources */ = {isa = PBXBuildFile; fileRef = A8E2C7871FF098D4008209B0 /* BaseModel.swift */; };
		A8FA2EC71FF350D9001E5013 /* BaseNavigationController.swift in Sources */ = {isa = PBXBuildFile; fileRef = A8FA2EC61FF350D9001E5013 /* BaseNavigationController.swift */; };
		A8FA2ECA1FF35174001E5013 /* LoginViewController.swift in Sources */ = {isa = PBXBuildFile; fileRef = A8FA2EC81FF35174001E5013 /* LoginViewController.swift */; };
		A8FA2ECB1FF35174001E5013 /* LoginViewController.xib in Resources */ = {isa = PBXBuildFile; fileRef = A8FA2EC91FF35174001E5013 /* LoginViewController.xib */; };
		A8FA2ECE1FF35184001E5013 /* ThirdViewController.swift in Sources */ = {isa = PBXBuildFile; fileRef = A8FA2ECC1FF35184001E5013 /* ThirdViewController.swift */; };
		A8FA2ECF1FF35184001E5013 /* ThirdViewController.xib in Resources */ = {isa = PBXBuildFile; fileRef = A8FA2ECD1FF35184001E5013 /* ThirdViewController.xib */; };
		A8FA2EF11FF392A6001E5013 /* SecondViewController.swift in Sources */ = {isa = PBXBuildFile; fileRef = A8FA2EEF1FF392A6001E5013 /* SecondViewController.swift */; };
		A8FA2EF21FF392A6001E5013 /* SecondViewController.xib in Resources */ = {isa = PBXBuildFile; fileRef = A8FA2EF01FF392A6001E5013 /* SecondViewController.xib */; };
		A8FA2EF51FF395E5001E5013 /* RegisterViewController.swift in Sources */ = {isa = PBXBuildFile; fileRef = A8FA2EF31FF395E5001E5013 /* RegisterViewController.swift */; };
		A8FA2EF61FF395E5001E5013 /* RegisterViewController.xib in Resources */ = {isa = PBXBuildFile; fileRef = A8FA2EF41FF395E5001E5013 /* RegisterViewController.xib */; };
		A8FA2EF91FF395FB001E5013 /* ForgetPasswordViewController.swift in Sources */ = {isa = PBXBuildFile; fileRef = A8FA2EF71FF395FB001E5013 /* ForgetPasswordViewController.swift */; };
		A8FA2EFA1FF395FB001E5013 /* ForgetPasswordViewController.xib in Resources */ = {isa = PBXBuildFile; fileRef = A8FA2EF81FF395FB001E5013 /* ForgetPasswordViewController.xib */; };
		A8FA2EFE1FF48487001E5013 /* RegisterCell.swift in Sources */ = {isa = PBXBuildFile; fileRef = A8FA2EFC1FF48487001E5013 /* RegisterCell.swift */; };
		A8FA2EFF1FF48487001E5013 /* RegisterCell.xib in Resources */ = {isa = PBXBuildFile; fileRef = A8FA2EFD1FF48487001E5013 /* RegisterCell.xib */; };
		A8FA2F021FF48BDD001E5013 /* RegisterCodeCell.swift in Sources */ = {isa = PBXBuildFile; fileRef = A8FA2F001FF48BDD001E5013 /* RegisterCodeCell.swift */; };
		A8FA2F031FF48BDD001E5013 /* RegisterCodeCell.xib in Resources */ = {isa = PBXBuildFile; fileRef = A8FA2F011FF48BDD001E5013 /* RegisterCodeCell.xib */; };
		A8FA2F051FF49BF3001E5013 /* FooterVier.swift in Sources */ = {isa = PBXBuildFile; fileRef = A8FA2F041FF49BF3001E5013 /* FooterVier.swift */; };
/* End PBXBuildFile section */

/* Begin PBXContainerItemProxy section */
		A8EDD4071FE21104004D97D1 /* PBXContainerItemProxy */ = {
			isa = PBXContainerItemProxy;
			containerPortal = A8EDD3E71FE21104004D97D1 /* Project object */;
			proxyType = 1;
			remoteGlobalIDString = A8EDD3EE1FE21104004D97D1;
			remoteInfo = TestUnit;
		};
		A8EDD4121FE21104004D97D1 /* PBXContainerItemProxy */ = {
			isa = PBXContainerItemProxy;
			containerPortal = A8EDD3E71FE21104004D97D1 /* Project object */;
			proxyType = 1;
			remoteGlobalIDString = A8EDD3EE1FE21104004D97D1;
			remoteInfo = TestUnit;
		};
/* End PBXContainerItemProxy section */

/* Begin PBXCopyFilesBuildPhase section */
		A8E2C77C1FECE8CF008209B0 /* Embed Frameworks */ = {
			isa = PBXCopyFilesBuildPhase;
			buildActionMask = 2147483647;
			dstPath = "";
			dstSubfolderSpec = 10;
			files = (
				A8EEDF1F201821FC000249AD /* OCMock.framework in Embed Frameworks */,
				A8E2C77B1FECE8CF008209B0 /* Pods_TestUnit_TestUnitUITests.framework in Embed Frameworks */,
				A8FA2EC31FF34E42001E5013 /* HandyJSON.framework in Embed Frameworks */,
				A8FA2EBF1FF34DA9001E5013 /* CalculatorKit.framework in Embed Frameworks */,
				A8E2C7791FECE8CF008209B0 /* Pods_TestUnit_TestUnitTests.framework in Embed Frameworks */,
			);
			name = "Embed Frameworks";
			runOnlyForDeploymentPostprocessing = 0;
		};
/* End PBXCopyFilesBuildPhase section */

/* Begin PBXFileReference section */
		0A8A36A89734B9109628856F /* Pods-TestUnit-TestUnitTests.debug.xcconfig */ = {isa = PBXFileReference; includeInIndex = 1; lastKnownFileType = text.xcconfig; name = "Pods-TestUnit-TestUnitTests.debug.xcconfig"; path = "Pods/Target Support Files/Pods-TestUnit-TestUnitTests/Pods-TestUnit-TestUnitTests.debug.xcconfig"; sourceTree = "<group>"; };
		0C01F8CF6E83E7D0CB619E87 /* Pods_TestUnit_TestUnitTests.framework */ = {isa = PBXFileReference; explicitFileType = wrapper.framework; includeInIndex = 0; path = Pods_TestUnit_TestUnitTests.framework; sourceTree = BUILT_PRODUCTS_DIR; };
		0E8A6CDE4676AF8B33B51331 /* Pods_TestUnit_TestUnitUITests.framework */ = {isa = PBXFileReference; explicitFileType = wrapper.framework; includeInIndex = 0; path = Pods_TestUnit_TestUnitUITests.framework; sourceTree = BUILT_PRODUCTS_DIR; };
		1AF31D284A2FF4312875CF95 /* Pods-TestUnitTests.debug.xcconfig */ = {isa = PBXFileReference; includeInIndex = 1; lastKnownFileType = text.xcconfig; name = "Pods-TestUnitTests.debug.xcconfig"; path = "Pods/Target Support Files/Pods-TestUnitTests/Pods-TestUnitTests.debug.xcconfig"; sourceTree = "<group>"; };
		214788C5B8ABF573417D6AE3 /* Pods-TestUnit-TestUnitTests.release.xcconfig */ = {isa = PBXFileReference; includeInIndex = 1; lastKnownFileType = text.xcconfig; name = "Pods-TestUnit-TestUnitTests.release.xcconfig"; path = "Pods/Target Support Files/Pods-TestUnit-TestUnitTests/Pods-TestUnit-TestUnitTests.release.xcconfig"; sourceTree = "<group>"; };
		3951DF9011B4BED659702970 /* Pods_TestUnit.framework */ = {isa = PBXFileReference; explicitFileType = wrapper.framework; includeInIndex = 0; path = Pods_TestUnit.framework; sourceTree = BUILT_PRODUCTS_DIR; };
		707F2DDFDDE124AFB3FD6A4A /* Pods-TestUnit-TestUnitUITests.debug.xcconfig */ = {isa = PBXFileReference; includeInIndex = 1; lastKnownFileType = text.xcconfig; name = "Pods-TestUnit-TestUnitUITests.debug.xcconfig"; path = "Pods/Target Support Files/Pods-TestUnit-TestUnitUITests/Pods-TestUnit-TestUnitUITests.debug.xcconfig"; sourceTree = "<group>"; };
		779604E1FA52D201D99C1C73 /* Pods-TestUnitUITests.release.xcconfig */ = {isa = PBXFileReference; includeInIndex = 1; lastKnownFileType = text.xcconfig; name = "Pods-TestUnitUITests.release.xcconfig"; path = "Pods/Target Support Files/Pods-TestUnitUITests/Pods-TestUnitUITests.release.xcconfig"; sourceTree = "<group>"; };
		8E7A42F3C607697B17BED92F /* Pods-TestUnitTests.release.xcconfig */ = {isa = PBXFileReference; includeInIndex = 1; lastKnownFileType = text.xcconfig; name = "Pods-TestUnitTests.release.xcconfig"; path = "Pods/Target Support Files/Pods-TestUnitTests/Pods-TestUnitTests.release.xcconfig"; sourceTree = "<group>"; };
		A818A76A1FFCBA200046F6D7 /* libOCMock.a */ = {isa = PBXFileReference; lastKnownFileType = archive.ar; path = libOCMock.a; sourceTree = "<group>"; };
		A818A76D1FFCBAB40046F6D7 /* SwiftExamplesTests-Bridging-Header.h */ = {isa = PBXFileReference; fileEncoding = 4; lastKnownFileType = sourcecode.c.h; path = "SwiftExamplesTests-Bridging-Header.h"; sourceTree = "<group>"; };
		A82174231FFF72B700FAA1FB /* DataProvider.swift */ = {isa = PBXFileReference; lastKnownFileType = sourcecode.swift; path = DataProvider.swift; sourceTree = "<group>"; };
		A83EE632200315020067E428 /* Dolphin.swift */ = {isa = PBXFileReference; lastKnownFileType = sourcecode.swift; path = Dolphin.swift; sourceTree = "<group>"; };
		A858476F200454EA009C4BD6 /* NimbleExpect.swift */ = {isa = PBXFileReference; lastKnownFileType = sourcecode.swift; path = NimbleExpect.swift; sourceTree = "<group>"; };
		A8A47F361FF0DA13000CE4EE /* UnitConversionsTests.swift */ = {isa = PBXFileReference; lastKnownFileType = sourcecode.swift; path = UnitConversionsTests.swift; sourceTree = "<group>"; };
		A8E2C7771FECE85F008209B0 /* Pods_TestUnit_TestUnitUITests.framework */ = {isa = PBXFileReference; explicitFileType = wrapper.framework; path = Pods_TestUnit_TestUnitUITests.framework; sourceTree = BUILT_PRODUCTS_DIR; };
		A8E2C7871FF098D4008209B0 /* BaseModel.swift */ = {isa = PBXFileReference; lastKnownFileType = sourcecode.swift; path = BaseModel.swift; sourceTree = "<group>"; };
		A8EDD3EF1FE21104004D97D1 /* TestUnit.app */ = {isa = PBXFileReference; explicitFileType = wrapper.application; includeInIndex = 0; path = TestUnit.app; sourceTree = BUILT_PRODUCTS_DIR; };
		A8EDD3F21FE21104004D97D1 /* AppDelegate.swift */ = {isa = PBXFileReference; lastKnownFileType = sourcecode.swift; path = AppDelegate.swift; sourceTree = "<group>"; };
		A8EDD3F41FE21104004D97D1 /* ViewController.swift */ = {isa = PBXFileReference; lastKnownFileType = sourcecode.swift; path = ViewController.swift; sourceTree = "<group>"; };
		A8EDD3F71FE21104004D97D1 /* Base */ = {isa = PBXFileReference; lastKnownFileType = file.storyboard; name = Base; path = Base.lproj/Main.storyboard; sourceTree = "<group>"; };
		A8EDD3FA1FE21104004D97D1 /* TestUnit.xcdatamodel */ = {isa = PBXFileReference; lastKnownFileType = wrapper.xcdatamodel; path = TestUnit.xcdatamodel; sourceTree = "<group>"; };
		A8EDD3FC1FE21104004D97D1 /* Assets.xcassets */ = {isa = PBXFileReference; lastKnownFileType = folder.assetcatalog; path = Assets.xcassets; sourceTree = "<group>"; };
		A8EDD3FF1FE21104004D97D1 /* Base */ = {isa = PBXFileReference; lastKnownFileType = file.storyboard; name = Base; path = Base.lproj/LaunchScreen.storyboard; sourceTree = "<group>"; };
		A8EDD4011FE21104004D97D1 /* Info.plist */ = {isa = PBXFileReference; lastKnownFileType = text.plist.xml; path = Info.plist; sourceTree = "<group>"; };
		A8EDD4061FE21104004D97D1 /* TestUnitTests.xctest */ = {isa = PBXFileReference; explicitFileType = wrapper.cfbundle; includeInIndex = 0; path = TestUnitTests.xctest; sourceTree = BUILT_PRODUCTS_DIR; };
		A8EDD40A1FE21104004D97D1 /* TestUnitTests.swift */ = {isa = PBXFileReference; lastKnownFileType = sourcecode.swift; path = TestUnitTests.swift; sourceTree = "<group>"; };
		A8EDD40C1FE21104004D97D1 /* Info.plist */ = {isa = PBXFileReference; lastKnownFileType = text.plist.xml; path = Info.plist; sourceTree = "<group>"; };
		A8EDD4111FE21104004D97D1 /* TestUnitUITests.xctest */ = {isa = PBXFileReference; explicitFileType = wrapper.cfbundle; includeInIndex = 0; path = TestUnitUITests.xctest; sourceTree = BUILT_PRODUCTS_DIR; };
		A8EDD4151FE21104004D97D1 /* TestUnitUITests.swift */ = {isa = PBXFileReference; lastKnownFileType = sourcecode.swift; path = TestUnitUITests.swift; sourceTree = "<group>"; };
		A8EDD4171FE21104004D97D1 /* Info.plist */ = {isa = PBXFileReference; lastKnownFileType = text.plist.xml; path = Info.plist; sourceTree = "<group>"; };
		A8EEDF1D201821DD000249AD /* OCMock.framework */ = {isa = PBXFileReference; lastKnownFileType = wrapper.framework; path = OCMock.framework; sourceTree = "<group>"; };
		A8EEDF202018224C000249AD /* OCMOCKTest.swift */ = {isa = PBXFileReference; lastKnownFileType = sourcecode.swift; path = OCMOCKTest.swift; sourceTree = "<group>"; };
		A8EEDF3520183934000249AD /* OHHTTPStubsTest.swift */ = {isa = PBXFileReference; lastKnownFileType = sourcecode.swift; path = OHHTTPStubsTest.swift; sourceTree = "<group>"; };
		A8FA2EBC1FF34D69001E5013 /* CalculatorKit.framework */ = {isa = PBXFileReference; lastKnownFileType = wrapper.framework; path = CalculatorKit.framework; sourceTree = "<group>"; };
		A8FA2EC01FF34E28001E5013 /* HandyJSON.framework */ = {isa = PBXFileReference; lastKnownFileType = wrapper.framework; path = HandyJSON.framework; sourceTree = "<group>"; };
		A8FA2EC61FF350D9001E5013 /* BaseNavigationController.swift */ = {isa = PBXFileReference; lastKnownFileType = sourcecode.swift; path = BaseNavigationController.swift; sourceTree = "<group>"; };
		A8FA2EC81FF35174001E5013 /* LoginViewController.swift */ = {isa = PBXFileReference; lastKnownFileType = sourcecode.swift; path = LoginViewController.swift; sourceTree = "<group>"; };
		A8FA2EC91FF35174001E5013 /* LoginViewController.xib */ = {isa = PBXFileReference; lastKnownFileType = file.xib; path = LoginViewController.xib; sourceTree = "<group>"; };
		A8FA2ECC1FF35184001E5013 /* ThirdViewController.swift */ = {isa = PBXFileReference; lastKnownFileType = sourcecode.swift; path = ThirdViewController.swift; sourceTree = "<group>"; };
		A8FA2ECD1FF35184001E5013 /* ThirdViewController.xib */ = {isa = PBXFileReference; lastKnownFileType = file.xib; path = ThirdViewController.xib; sourceTree = "<group>"; };
		A8FA2EEF1FF392A6001E5013 /* SecondViewController.swift */ = {isa = PBXFileReference; lastKnownFileType = sourcecode.swift; path = SecondViewController.swift; sourceTree = "<group>"; };
		A8FA2EF01FF392A6001E5013 /* SecondViewController.xib */ = {isa = PBXFileReference; lastKnownFileType = file.xib; path = SecondViewController.xib; sourceTree = "<group>"; };
		A8FA2EF31FF395E5001E5013 /* RegisterViewController.swift */ = {isa = PBXFileReference; lastKnownFileType = sourcecode.swift; path = RegisterViewController.swift; sourceTree = "<group>"; };
		A8FA2EF41FF395E5001E5013 /* RegisterViewController.xib */ = {isa = PBXFileReference; lastKnownFileType = file.xib; path = RegisterViewController.xib; sourceTree = "<group>"; };
		A8FA2EF71FF395FB001E5013 /* ForgetPasswordViewController.swift */ = {isa = PBXFileReference; lastKnownFileType = sourcecode.swift; path = ForgetPasswordViewController.swift; sourceTree = "<group>"; };
		A8FA2EF81FF395FB001E5013 /* ForgetPasswordViewController.xib */ = {isa = PBXFileReference; lastKnownFileType = file.xib; path = ForgetPasswordViewController.xib; sourceTree = "<group>"; };
		A8FA2EFC1FF48487001E5013 /* RegisterCell.swift */ = {isa = PBXFileReference; lastKnownFileType = sourcecode.swift; path = RegisterCell.swift; sourceTree = "<group>"; };
		A8FA2EFD1FF48487001E5013 /* RegisterCell.xib */ = {isa = PBXFileReference; lastKnownFileType = file.xib; path = RegisterCell.xib; sourceTree = "<group>"; };
		A8FA2F001FF48BDD001E5013 /* RegisterCodeCell.swift */ = {isa = PBXFileReference; lastKnownFileType = sourcecode.swift; path = RegisterCodeCell.swift; sourceTree = "<group>"; };
		A8FA2F011FF48BDD001E5013 /* RegisterCodeCell.xib */ = {isa = PBXFileReference; lastKnownFileType = file.xib; path = RegisterCodeCell.xib; sourceTree = "<group>"; };
		A8FA2F041FF49BF3001E5013 /* FooterVier.swift */ = {isa = PBXFileReference; lastKnownFileType = sourcecode.swift; path = FooterVier.swift; sourceTree = "<group>"; };
		AF1E58AB9FDE495B6DBA4CAF /* Pods-TestUnitUITests.debug.xcconfig */ = {isa = PBXFileReference; includeInIndex = 1; lastKnownFileType = text.xcconfig; name = "Pods-TestUnitUITests.debug.xcconfig"; path = "Pods/Target Support Files/Pods-TestUnitUITests/Pods-TestUnitUITests.debug.xcconfig"; sourceTree = "<group>"; };
		D11BE2E5BF580402D367679F /* Pods-TestUnit.release.xcconfig */ = {isa = PBXFileReference; includeInIndex = 1; lastKnownFileType = text.xcconfig; name = "Pods-TestUnit.release.xcconfig"; path = "Pods/Target Support Files/Pods-TestUnit/Pods-TestUnit.release.xcconfig"; sourceTree = "<group>"; };
		E3FA46488EB21FAAA45784DC /* Pods-TestUnit-TestUnitUITests.release.xcconfig */ = {isa = PBXFileReference; includeInIndex = 1; lastKnownFileType = text.xcconfig; name = "Pods-TestUnit-TestUnitUITests.release.xcconfig"; path = "Pods/Target Support Files/Pods-TestUnit-TestUnitUITests/Pods-TestUnit-TestUnitUITests.release.xcconfig"; sourceTree = "<group>"; };
		FD46A7EFF5B7F74A0172C0E6 /* Pods-TestUnit.debug.xcconfig */ = {isa = PBXFileReference; includeInIndex = 1; lastKnownFileType = text.xcconfig; name = "Pods-TestUnit.debug.xcconfig"; path = "Pods/Target Support Files/Pods-TestUnit/Pods-TestUnit.debug.xcconfig"; sourceTree = "<group>"; };
/* End PBXFileReference section */

/* Begin PBXFrameworksBuildPhase section */
		A8EDD3EC1FE21104004D97D1 /* Frameworks */ = {
			isa = PBXFrameworksBuildPhase;
			buildActionMask = 2147483647;
			files = (
				A818A76B1FFCBA200046F6D7 /* libOCMock.a in Frameworks */,
				A8E2C77A1FECE8CF008209B0 /* Pods_TestUnit_TestUnitUITests.framework in Frameworks */,
				A8E2C7761FECE85F008209B0 /* Pods_TestUnit_TestUnitUITests.framework in Frameworks */,
				A8E2C7781FECE8CF008209B0 /* Pods_TestUnit_TestUnitTests.framework in Frameworks */,
				A8FA2EBE1FF34DA9001E5013 /* CalculatorKit.framework in Frameworks */,
				A8FA2EC11FF34E28001E5013 /* HandyJSON.framework in Frameworks */,
				A8EEDF1E201821DE000249AD /* OCMock.framework in Frameworks */,
				A8FA2EC21FF34E42001E5013 /* HandyJSON.framework in Frameworks */,
				60E87A3A9DEABB149B434B3C /* Pods_TestUnit.framework in Frameworks */,
				A8FA2EBD1FF34D69001E5013 /* CalculatorKit.framework in Frameworks */,
			);
			runOnlyForDeploymentPostprocessing = 0;
		};
		A8EDD4031FE21104004D97D1 /* Frameworks */ = {
			isa = PBXFrameworksBuildPhase;
			buildActionMask = 2147483647;
			files = (
				A8EEDF22201822FA000249AD /* OCMock.framework in Frameworks */,
				A818A76C1FFCBA460046F6D7 /* libOCMock.a in Frameworks */,
				7AD561AB7012DBA2DD694339 /* Pods_TestUnit_TestUnitTests.framework in Frameworks */,
				A8FA2EC41FF34EA2001E5013 /* HandyJSON.framework in Frameworks */,
			);
			runOnlyForDeploymentPostprocessing = 0;
		};
		A8EDD40E1FE21104004D97D1 /* Frameworks */ = {
			isa = PBXFrameworksBuildPhase;
			buildActionMask = 2147483647;
			files = (
				94B19583F180FDB34A6E2752 /* Pods_TestUnit_TestUnitUITests.framework in Frameworks */,
				6834918A207214DACE6FB6F5 /* Pods_TestUnit_TestUnitUITests.framework in Frameworks */,
			);
			runOnlyForDeploymentPostprocessing = 0;
		};
/* End PBXFrameworksBuildPhase section */

/* Begin PBXGroup section */
		0DAE1E606E37C41887F937A4 /* Pods */ = {
			isa = PBXGroup;
			children = (
				FD46A7EFF5B7F74A0172C0E6 /* Pods-TestUnit.debug.xcconfig */,
				D11BE2E5BF580402D367679F /* Pods-TestUnit.release.xcconfig */,
				1AF31D284A2FF4312875CF95 /* Pods-TestUnitTests.debug.xcconfig */,
				8E7A42F3C607697B17BED92F /* Pods-TestUnitTests.release.xcconfig */,
				AF1E58AB9FDE495B6DBA4CAF /* Pods-TestUnitUITests.debug.xcconfig */,
				779604E1FA52D201D99C1C73 /* Pods-TestUnitUITests.release.xcconfig */,
				0A8A36A89734B9109628856F /* Pods-TestUnit-TestUnitTests.debug.xcconfig */,
				214788C5B8ABF573417D6AE3 /* Pods-TestUnit-TestUnitTests.release.xcconfig */,
				707F2DDFDDE124AFB3FD6A4A /* Pods-TestUnit-TestUnitUITests.debug.xcconfig */,
				E3FA46488EB21FAAA45784DC /* Pods-TestUnit-TestUnitUITests.release.xcconfig */,
			);
			name = Pods;
			sourceTree = "<group>";
		};
		51843B94509CDDD09A193284 /* Frameworks */ = {
			isa = PBXGroup;
			children = (
				A8E2C7771FECE85F008209B0 /* Pods_TestUnit_TestUnitUITests.framework */,
				3951DF9011B4BED659702970 /* Pods_TestUnit.framework */,
				0C01F8CF6E83E7D0CB619E87 /* Pods_TestUnit_TestUnitTests.framework */,
				0E8A6CDE4676AF8B33B51331 /* Pods_TestUnit_TestUnitUITests.framework */,
			);
			name = Frameworks;
			sourceTree = "<group>";
		};
		A83EE630200314810067E428 /* Model */ = {
			isa = PBXGroup;
			children = (
				A82174231FFF72B700FAA1FB /* DataProvider.swift */,
				A8E2C7871FF098D4008209B0 /* BaseModel.swift */,
				A83EE632200315020067E428 /* Dolphin.swift */,
			);
			path = Model;
			sourceTree = "<group>";
		};
		A83EE631200314890067E428 /* Controller */ = {
			isa = PBXGroup;
			children = (
				A8EDD3F21FE21104004D97D1 /* AppDelegate.swift */,
				A8EDD3F41FE21104004D97D1 /* ViewController.swift */,
				A8FA2EEF1FF392A6001E5013 /* SecondViewController.swift */,
				A8FA2EF01FF392A6001E5013 /* SecondViewController.xib */,
				A8FA2EC81FF35174001E5013 /* LoginViewController.swift */,
				A8FA2EF31FF395E5001E5013 /* RegisterViewController.swift */,
				A8FA2EF41FF395E5001E5013 /* RegisterViewController.xib */,
				A8FA2EC91FF35174001E5013 /* LoginViewController.xib */,
				A8FA2EC61FF350D9001E5013 /* BaseNavigationController.swift */,
				A8FA2EF71FF395FB001E5013 /* ForgetPasswordViewController.swift */,
				A8FA2EF81FF395FB001E5013 /* ForgetPasswordViewController.xib */,
				A8FA2ECC1FF35184001E5013 /* ThirdViewController.swift */,
				A8FA2ECD1FF35184001E5013 /* ThirdViewController.xib */,
			);
			path = Controller;
			sourceTree = "<group>";
		};
		A8EDD3E61FE21104004D97D1 = {
			isa = PBXGroup;
			children = (
				A818A76A1FFCBA200046F6D7 /* libOCMock.a */,
				A8EDD3F11FE21104004D97D1 /* TestUnit */,
				A8EDD4091FE21104004D97D1 /* TestUnitTests */,
				A8EDD4141FE21104004D97D1 /* TestUnitUITests */,
				A8EDD3F01FE21104004D97D1 /* Products */,
				A8EEDF1D201821DD000249AD /* OCMock.framework */,
				A8FA2EC01FF34E28001E5013 /* HandyJSON.framework */,
				A8FA2EBC1FF34D69001E5013 /* CalculatorKit.framework */,
				0DAE1E606E37C41887F937A4 /* Pods */,
				51843B94509CDDD09A193284 /* Frameworks */,
			);
			sourceTree = "<group>";
		};
		A8EDD3F01FE21104004D97D1 /* Products */ = {
			isa = PBXGroup;
			children = (
				A8EDD3EF1FE21104004D97D1 /* TestUnit.app */,
				A8EDD4061FE21104004D97D1 /* TestUnitTests.xctest */,
				A8EDD4111FE21104004D97D1 /* TestUnitUITests.xctest */,
			);
			name = Products;
			sourceTree = "<group>";
		};
		A8EDD3F11FE21104004D97D1 /* TestUnit */ = {
			isa = PBXGroup;
			children = (
				A83EE631200314890067E428 /* Controller */,
				A83EE630200314810067E428 /* Model */,
				A8FA2EFB1FF4846F001E5013 /* View */,
				A8EDD3F61FE21104004D97D1 /* Main.storyboard */,
				A8EDD3FC1FE21104004D97D1 /* Assets.xcassets */,
				A8EDD3FE1FE21104004D97D1 /* LaunchScreen.storyboard */,
				A8EDD4011FE21104004D97D1 /* Info.plist */,
				A8EDD3F91FE21104004D97D1 /* TestUnit.xcdatamodeld */,
			);
			path = TestUnit;
			sourceTree = "<group>";
		};
		A8EDD4091FE21104004D97D1 /* TestUnitTests */ = {
			isa = PBXGroup;
			children = (
				A818A76D1FFCBAB40046F6D7 /* SwiftExamplesTests-Bridging-Header.h */,
				A8EEDF202018224C000249AD /* OCMOCKTest.swift */,
				A8A47F361FF0DA13000CE4EE /* UnitConversionsTests.swift */,
				A8EDD40A1FE21104004D97D1 /* TestUnitTests.swift */,
				A858476F200454EA009C4BD6 /* NimbleExpect.swift */,
				A8EEDF3520183934000249AD /* OHHTTPStubsTest.swift */,
				A8EDD40C1FE21104004D97D1 /* Info.plist */,
			);
			path = TestUnitTests;
			sourceTree = "<group>";
		};
		A8EDD4141FE21104004D97D1 /* TestUnitUITests */ = {
			isa = PBXGroup;
			children = (
				A8EDD4151FE21104004D97D1 /* TestUnitUITests.swift */,
				A8EDD4171FE21104004D97D1 /* Info.plist */,
			);
			path = TestUnitUITests;
			sourceTree = "<group>";
		};
		A8FA2EFB1FF4846F001E5013 /* View */ = {
			isa = PBXGroup;
			children = (
				A8FA2EFC1FF48487001E5013 /* RegisterCell.swift */,
				A8FA2EFD1FF48487001E5013 /* RegisterCell.xib */,
				A8FA2F001FF48BDD001E5013 /* RegisterCodeCell.swift */,
				A8FA2F011FF48BDD001E5013 /* RegisterCodeCell.xib */,
				A8FA2F041FF49BF3001E5013 /* FooterVier.swift */,
			);
			path = View;
			sourceTree = "<group>";
		};
/* End PBXGroup section */

/* Begin PBXNativeTarget section */
		A8EDD3EE1FE21104004D97D1 /* TestUnit */ = {
			isa = PBXNativeTarget;
			buildConfigurationList = A8EDD41A1FE21104004D97D1 /* Build configuration list for PBXNativeTarget "TestUnit" */;
			buildPhases = (
				3C39440358B5CDDA2FDD2FE7 /* [CP] Check Pods Manifest.lock */,
				A8EDD3EB1FE21104004D97D1 /* Sources */,
				A8EDD3EC1FE21104004D97D1 /* Frameworks */,
				A8EDD3ED1FE21104004D97D1 /* Resources */,
				2DE8F49BE12C1681FC9B66BD /* [CP] Embed Pods Frameworks */,
				43927D9DBD8809F6DEFBF0F3 /* [CP] Copy Pods Resources */,
				A8E2C77C1FECE8CF008209B0 /* Embed Frameworks */,
			);
			buildRules = (
			);
			dependencies = (
			);
			name = TestUnit;
			productName = TestUnit;
			productReference = A8EDD3EF1FE21104004D97D1 /* TestUnit.app */;
			productType = "com.apple.product-type.application";
		};
		A8EDD4051FE21104004D97D1 /* TestUnitTests */ = {
			isa = PBXNativeTarget;
			buildConfigurationList = A8EDD41D1FE21104004D97D1 /* Build configuration list for PBXNativeTarget "TestUnitTests" */;
			buildPhases = (
				FA7C70E9AA05ED3F49FC28E2 /* [CP] Check Pods Manifest.lock */,
				A8EDD4021FE21104004D97D1 /* Sources */,
				A8EDD4031FE21104004D97D1 /* Frameworks */,
				A8EDD4041FE21104004D97D1 /* Resources */,
				34F240EB5E793FDF28F473D9 /* [CP] Embed Pods Frameworks */,
				64E313EA894DD20FF57493BE /* [CP] Copy Pods Resources */,
			);
			buildRules = (
			);
			dependencies = (
				A8EDD4081FE21104004D97D1 /* PBXTargetDependency */,
			);
			name = TestUnitTests;
			productName = TestUnitTests;
			productReference = A8EDD4061FE21104004D97D1 /* TestUnitTests.xctest */;
			productType = "com.apple.product-type.bundle.unit-test";
		};
		A8EDD4101FE21104004D97D1 /* TestUnitUITests */ = {
			isa = PBXNativeTarget;
			buildConfigurationList = A8EDD4201FE21104004D97D1 /* Build configuration list for PBXNativeTarget "TestUnitUITests" */;
			buildPhases = (
				B554DDB527E635D968EC458C /* [CP] Check Pods Manifest.lock */,
				A8EDD40D1FE21104004D97D1 /* Sources */,
				A8EDD40E1FE21104004D97D1 /* Frameworks */,
				A8EDD40F1FE21104004D97D1 /* Resources */,
				8F9F09AD8E7B866B6CB2C2E8 /* [CP] Embed Pods Frameworks */,
				6FF1A6414B5B4E964936181C /* [CP] Copy Pods Resources */,
			);
			buildRules = (
			);
			dependencies = (
				A8EDD4131FE21104004D97D1 /* PBXTargetDependency */,
			);
			name = TestUnitUITests;
			productName = TestUnitUITests;
			productReference = A8EDD4111FE21104004D97D1 /* TestUnitUITests.xctest */;
			productType = "com.apple.product-type.bundle.ui-testing";
		};
/* End PBXNativeTarget section */

/* Begin PBXProject section */
		A8EDD3E71FE21104004D97D1 /* Project object */ = {
			isa = PBXProject;
			attributes = {
				LastSwiftUpdateCheck = 0910;
				LastUpgradeCheck = 0910;
				ORGANIZATIONNAME = "郑小燕";
				TargetAttributes = {
					A8EDD3EE1FE21104004D97D1 = {
						CreatedOnToolsVersion = 9.1;
						ProvisioningStyle = Automatic;
					};
					A8EDD4051FE21104004D97D1 = {
						CreatedOnToolsVersion = 9.1;
						ProvisioningStyle = Automatic;
						TestTargetID = A8EDD3EE1FE21104004D97D1;
					};
					A8EDD4101FE21104004D97D1 = {
						CreatedOnToolsVersion = 9.1;
						ProvisioningStyle = Automatic;
						TestTargetID = A8EDD3EE1FE21104004D97D1;
					};
				};
			};
			buildConfigurationList = A8EDD3EA1FE21104004D97D1 /* Build configuration list for PBXProject "TestUnit" */;
			compatibilityVersion = "Xcode 8.0";
			developmentRegion = en;
			hasScannedForEncodings = 0;
			knownRegions = (
				en,
				Base,
			);
			mainGroup = A8EDD3E61FE21104004D97D1;
			productRefGroup = A8EDD3F01FE21104004D97D1 /* Products */;
			projectDirPath = "";
			projectRoot = "";
			targets = (
				A8EDD3EE1FE21104004D97D1 /* TestUnit */,
				A8EDD4051FE21104004D97D1 /* TestUnitTests */,
				A8EDD4101FE21104004D97D1 /* TestUnitUITests */,
			);
		};
/* End PBXProject section */

/* Begin PBXResourcesBuildPhase section */
		A8EDD3ED1FE21104004D97D1 /* Resources */ = {
			isa = PBXResourcesBuildPhase;
			buildActionMask = 2147483647;
			files = (
				A8FA2ECB1FF35174001E5013 /* LoginViewController.xib in Resources */,
				A8EDD4001FE21104004D97D1 /* LaunchScreen.storyboard in Resources */,
				A8FA2EF61FF395E5001E5013 /* RegisterViewController.xib in Resources */,
				A8FA2EFF1FF48487001E5013 /* RegisterCell.xib in Resources */,
				A8FA2EF21FF392A6001E5013 /* SecondViewController.xib in Resources */,
				A8FA2EFA1FF395FB001E5013 /* ForgetPasswordViewController.xib in Resources */,
				A8EDD3FD1FE21104004D97D1 /* Assets.xcassets in Resources */,
				A8FA2ECF1FF35184001E5013 /* ThirdViewController.xib in Resources */,
				A8EDD3F81FE21104004D97D1 /* Main.storyboard in Resources */,
				A8FA2F031FF48BDD001E5013 /* RegisterCodeCell.xib in Resources */,
			);
			runOnlyForDeploymentPostprocessing = 0;
		};
		A8EDD4041FE21104004D97D1 /* Resources */ = {
			isa = PBXResourcesBuildPhase;
			buildActionMask = 2147483647;
			files = (
			);
			runOnlyForDeploymentPostprocessing = 0;
		};
		A8EDD40F1FE21104004D97D1 /* Resources */ = {
			isa = PBXResourcesBuildPhase;
			buildActionMask = 2147483647;
			files = (
			);
			runOnlyForDeploymentPostprocessing = 0;
		};
/* End PBXResourcesBuildPhase section */

/* Begin PBXShellScriptBuildPhase section */
		2DE8F49BE12C1681FC9B66BD /* [CP] Embed Pods Frameworks */ = {
			isa = PBXShellScriptBuildPhase;
			buildActionMask = 2147483647;
			files = (
			);
			inputPaths = (
				"${SRCROOT}/Pods/Target Support Files/Pods-TestUnit/Pods-TestUnit-frameworks.sh",
				"${BUILT_PRODUCTS_DIR}/Alamofire/Alamofire.framework",
			);
			name = "[CP] Embed Pods Frameworks";
			outputPaths = (
				"${TARGET_BUILD_DIR}/${FRAMEWORKS_FOLDER_PATH}/Alamofire.framework",
			);
			runOnlyForDeploymentPostprocessing = 0;
			shellPath = /bin/sh;
			shellScript = "\"${SRCROOT}/Pods/Target Support Files/Pods-TestUnit/Pods-TestUnit-frameworks.sh\"\n";
			showEnvVarsInLog = 0;
		};
		34F240EB5E793FDF28F473D9 /* [CP] Embed Pods Frameworks */ = {
			isa = PBXShellScriptBuildPhase;
			buildActionMask = 2147483647;
			files = (
			);
			inputPaths = (
				"${SRCROOT}/Pods/Target Support Files/Pods-TestUnit-TestUnitTests/Pods-TestUnit-TestUnitTests-frameworks.sh",
				"${BUILT_PRODUCTS_DIR}/Alamofire/Alamofire.framework",
				"${BUILT_PRODUCTS_DIR}/Nimble/Nimble.framework",
				"${BUILT_PRODUCTS_DIR}/OHHTTPStubs/OHHTTPStubs.framework",
				"${BUILT_PRODUCTS_DIR}/Quick/Quick.framework",
			);
			name = "[CP] Embed Pods Frameworks";
			outputPaths = (
				"${TARGET_BUILD_DIR}/${FRAMEWORKS_FOLDER_PATH}/Alamofire.framework",
				"${TARGET_BUILD_DIR}/${FRAMEWORKS_FOLDER_PATH}/Nimble.framework",
				"${TARGET_BUILD_DIR}/${FRAMEWORKS_FOLDER_PATH}/OHHTTPStubs.framework",
				"${TARGET_BUILD_DIR}/${FRAMEWORKS_FOLDER_PATH}/Quick.framework",
			);
			runOnlyForDeploymentPostprocessing = 0;
			shellPath = /bin/sh;
			shellScript = "\"${SRCROOT}/Pods/Target Support Files/Pods-TestUnit-TestUnitTests/Pods-TestUnit-TestUnitTests-frameworks.sh\"\n";
			showEnvVarsInLog = 0;
		};
		3C39440358B5CDDA2FDD2FE7 /* [CP] Check Pods Manifest.lock */ = {
			isa = PBXShellScriptBuildPhase;
			buildActionMask = 2147483647;
			files = (
			);
			inputPaths = (
				"${PODS_PODFILE_DIR_PATH}/Podfile.lock",
				"${PODS_ROOT}/Manifest.lock",
			);
			name = "[CP] Check Pods Manifest.lock";
			outputPaths = (
				"$(DERIVED_FILE_DIR)/Pods-TestUnit-checkManifestLockResult.txt",
			);
			runOnlyForDeploymentPostprocessing = 0;
			shellPath = /bin/sh;
			shellScript = "diff \"${PODS_PODFILE_DIR_PATH}/Podfile.lock\" \"${PODS_ROOT}/Manifest.lock\" > /dev/null\nif [ $? != 0 ] ; then\n    # print error to STDERR\n    echo \"error: The sandbox is not in sync with the Podfile.lock. Run 'pod install' or update your CocoaPods installation.\" >&2\n    exit 1\nfi\n# This output is used by Xcode 'outputs' to avoid re-running this script phase.\necho \"SUCCESS\" > \"${SCRIPT_OUTPUT_FILE_0}\"\n";
			showEnvVarsInLog = 0;
		};
		43927D9DBD8809F6DEFBF0F3 /* [CP] Copy Pods Resources */ = {
			isa = PBXShellScriptBuildPhase;
			buildActionMask = 2147483647;
			files = (
			);
			inputPaths = (
			);
			name = "[CP] Copy Pods Resources";
			outputPaths = (
			);
			runOnlyForDeploymentPostprocessing = 0;
			shellPath = /bin/sh;
			shellScript = "\"${SRCROOT}/Pods/Target Support Files/Pods-TestUnit/Pods-TestUnit-resources.sh\"\n";
			showEnvVarsInLog = 0;
		};
		64E313EA894DD20FF57493BE /* [CP] Copy Pods Resources */ = {
			isa = PBXShellScriptBuildPhase;
			buildActionMask = 2147483647;
			files = (
			);
			inputPaths = (
			);
			name = "[CP] Copy Pods Resources";
			outputPaths = (
			);
			runOnlyForDeploymentPostprocessing = 0;
			shellPath = /bin/sh;
			shellScript = "\"${SRCROOT}/Pods/Target Support Files/Pods-TestUnit-TestUnitTests/Pods-TestUnit-TestUnitTests-resources.sh\"\n";
			showEnvVarsInLog = 0;
		};
		6FF1A6414B5B4E964936181C /* [CP] Copy Pods Resources */ = {
			isa = PBXShellScriptBuildPhase;
			buildActionMask = 2147483647;
			files = (
			);
			inputPaths = (
			);
			name = "[CP] Copy Pods Resources";
			outputPaths = (
			);
			runOnlyForDeploymentPostprocessing = 0;
			shellPath = /bin/sh;
			shellScript = "\"${SRCROOT}/Pods/Target Support Files/Pods-TestUnit-TestUnitUITests/Pods-TestUnit-TestUnitUITests-resources.sh\"\n";
			showEnvVarsInLog = 0;
		};
		8F9F09AD8E7B866B6CB2C2E8 /* [CP] Embed Pods Frameworks */ = {
			isa = PBXShellScriptBuildPhase;
			buildActionMask = 2147483647;
			files = (
			);
			inputPaths = (
				"${SRCROOT}/Pods/Target Support Files/Pods-TestUnit-TestUnitUITests/Pods-TestUnit-TestUnitUITests-frameworks.sh",
				"${BUILT_PRODUCTS_DIR}/Alamofire/Alamofire.framework",
				"${BUILT_PRODUCTS_DIR}/Nimble/Nimble.framework",
				"${BUILT_PRODUCTS_DIR}/OHHTTPStubs/OHHTTPStubs.framework",
				"${BUILT_PRODUCTS_DIR}/Quick/Quick.framework",
			);
			name = "[CP] Embed Pods Frameworks";
			outputPaths = (
				"${TARGET_BUILD_DIR}/${FRAMEWORKS_FOLDER_PATH}/Alamofire.framework",
				"${TARGET_BUILD_DIR}/${FRAMEWORKS_FOLDER_PATH}/Nimble.framework",
				"${TARGET_BUILD_DIR}/${FRAMEWORKS_FOLDER_PATH}/OHHTTPStubs.framework",
				"${TARGET_BUILD_DIR}/${FRAMEWORKS_FOLDER_PATH}/Quick.framework",
			);
			runOnlyForDeploymentPostprocessing = 0;
			shellPath = /bin/sh;
			shellScript = "\"${SRCROOT}/Pods/Target Support Files/Pods-TestUnit-TestUnitUITests/Pods-TestUnit-TestUnitUITests-frameworks.sh\"\n";
			showEnvVarsInLog = 0;
		};
		B554DDB527E635D968EC458C /* [CP] Check Pods Manifest.lock */ = {
			isa = PBXShellScriptBuildPhase;
			buildActionMask = 2147483647;
			files = (
			);
			inputPaths = (
				"${PODS_PODFILE_DIR_PATH}/Podfile.lock",
				"${PODS_ROOT}/Manifest.lock",
			);
			name = "[CP] Check Pods Manifest.lock";
			outputPaths = (
				"$(DERIVED_FILE_DIR)/Pods-TestUnit-TestUnitUITests-checkManifestLockResult.txt",
			);
			runOnlyForDeploymentPostprocessing = 0;
			shellPath = /bin/sh;
			shellScript = "diff \"${PODS_PODFILE_DIR_PATH}/Podfile.lock\" \"${PODS_ROOT}/Manifest.lock\" > /dev/null\nif [ $? != 0 ] ; then\n    # print error to STDERR\n    echo \"error: The sandbox is not in sync with the Podfile.lock. Run 'pod install' or update your CocoaPods installation.\" >&2\n    exit 1\nfi\n# This output is used by Xcode 'outputs' to avoid re-running this script phase.\necho \"SUCCESS\" > \"${SCRIPT_OUTPUT_FILE_0}\"\n";
			showEnvVarsInLog = 0;
		};
		FA7C70E9AA05ED3F49FC28E2 /* [CP] Check Pods Manifest.lock */ = {
			isa = PBXShellScriptBuildPhase;
			buildActionMask = 2147483647;
			files = (
			);
			inputPaths = (
				"${PODS_PODFILE_DIR_PATH}/Podfile.lock",
				"${PODS_ROOT}/Manifest.lock",
			);
			name = "[CP] Check Pods Manifest.lock";
			outputPaths = (
				"$(DERIVED_FILE_DIR)/Pods-TestUnit-TestUnitTests-checkManifestLockResult.txt",
			);
			runOnlyForDeploymentPostprocessing = 0;
			shellPath = /bin/sh;
			shellScript = "diff \"${PODS_PODFILE_DIR_PATH}/Podfile.lock\" \"${PODS_ROOT}/Manifest.lock\" > /dev/null\nif [ $? != 0 ] ; then\n    # print error to STDERR\n    echo \"error: The sandbox is not in sync with the Podfile.lock. Run 'pod install' or update your CocoaPods installation.\" >&2\n    exit 1\nfi\n# This output is used by Xcode 'outputs' to avoid re-running this script phase.\necho \"SUCCESS\" > \"${SCRIPT_OUTPUT_FILE_0}\"\n";
			showEnvVarsInLog = 0;
		};
/* End PBXShellScriptBuildPhase section */

/* Begin PBXSourcesBuildPhase section */
		A8EDD3EB1FE21104004D97D1 /* Sources */ = {
			isa = PBXSourcesBuildPhase;
			buildActionMask = 2147483647;
			files = (
				A8217425200302EF00FAA1FB /* BaseModel.swift in Sources */,
				A8FA2F051FF49BF3001E5013 /* FooterVier.swift in Sources */,
				A83EE633200315020067E428 /* Dolphin.swift in Sources */,
				A8FA2EFE1FF48487001E5013 /* RegisterCell.swift in Sources */,
				A8FA2EC71FF350D9001E5013 /* BaseNavigationController.swift in Sources */,
				A8EDD3F51FE21104004D97D1 /* ViewController.swift in Sources */,
				A8EDD3F31FE21104004D97D1 /* AppDelegate.swift in Sources */,
				A8FA2EF51FF395E5001E5013 /* RegisterViewController.swift in Sources */,
				A8FA2EF91FF395FB001E5013 /* ForgetPasswordViewController.swift in Sources */,
				A8FA2ECA1FF35174001E5013 /* LoginViewController.swift in Sources */,
				A82174241FFF72B800FAA1FB /* DataProvider.swift in Sources */,
				A8FA2EF11FF392A6001E5013 /* SecondViewController.swift in Sources */,
				A8FA2ECE1FF35184001E5013 /* ThirdViewController.swift in Sources */,
				A8FA2F021FF48BDD001E5013 /* RegisterCodeCell.swift in Sources */,
				A8EDD3FB1FE21104004D97D1 /* TestUnit.xcdatamodeld in Sources */,
			);
			runOnlyForDeploymentPostprocessing = 0;
		};
		A8EDD4021FE21104004D97D1 /* Sources */ = {
			isa = PBXSourcesBuildPhase;
			buildActionMask = 2147483647;
			files = (
				A8584770200454EA009C4BD6 /* NimbleExpect.swift in Sources */,
				A83EE634200317010067E428 /* Dolphin.swift in Sources */,
				A83EE62E20030DC80067E428 /* DataProvider.swift in Sources */,
				A82174221FFF6A4200FAA1FB /* BaseNavigationController.swift in Sources */,
				A82174211FFF6A3F00FAA1FB /* AppDelegate.swift in Sources */,
				A82174201FFF6A3A00FAA1FB /* RegisterCodeCell.swift in Sources */,
				A821741F1FFF6A3600FAA1FB /* RegisterCell.swift in Sources */,
				A821741E1FFF6A1F00FAA1FB /* FooterVier.swift in Sources */,
				A821741D1FFF684B00FAA1FB /* ThirdViewController.swift in Sources */,
				A821741C1FFF684100FAA1FB /* ForgetPasswordViewController.swift in Sources */,
				A821741B1FFF681B00FAA1FB /* RegisterViewController.swift in Sources */,
				A821741A1FFF680500FAA1FB /* SecondViewController.swift in Sources */,
				A85ED5261FFC6BA3008C4CAE /* ViewController.swift in Sources */,
				A8EEDF212018224C000249AD /* OCMOCKTest.swift in Sources */,
				A818A7701FFDB4370046F6D7 /* LoginViewController.swift in Sources */,
				A8EEDF3620183934000249AD /* OHHTTPStubsTest.swift in Sources */,
				A8FA2EC51FF34F7B001E5013 /* BaseModel.swift in Sources */,
				A8A47F371FF0DA13000CE4EE /* UnitConversionsTests.swift in Sources */,
				A8EDD40B1FE21104004D97D1 /* TestUnitTests.swift in Sources */,
			);
			runOnlyForDeploymentPostprocessing = 0;
		};
		A8EDD40D1FE21104004D97D1 /* Sources */ = {
			isa = PBXSourcesBuildPhase;
			buildActionMask = 2147483647;
			files = (
				A8EDD4161FE21104004D97D1 /* TestUnitUITests.swift in Sources */,
			);
			runOnlyForDeploymentPostprocessing = 0;
		};
/* End PBXSourcesBuildPhase section */

/* Begin PBXTargetDependency section */
		A8EDD4081FE21104004D97D1 /* PBXTargetDependency */ = {
			isa = PBXTargetDependency;
			target = A8EDD3EE1FE21104004D97D1 /* TestUnit */;
			targetProxy = A8EDD4071FE21104004D97D1 /* PBXContainerItemProxy */;
		};
		A8EDD4131FE21104004D97D1 /* PBXTargetDependency */ = {
			isa = PBXTargetDependency;
			target = A8EDD3EE1FE21104004D97D1 /* TestUnit */;
			targetProxy = A8EDD4121FE21104004D97D1 /* PBXContainerItemProxy */;
		};
/* End PBXTargetDependency section */

/* Begin PBXVariantGroup section */
		A8EDD3F61FE21104004D97D1 /* Main.storyboard */ = {
			isa = PBXVariantGroup;
			children = (
				A8EDD3F71FE21104004D97D1 /* Base */,
			);
			name = Main.storyboard;
			sourceTree = "<group>";
		};
		A8EDD3FE1FE21104004D97D1 /* LaunchScreen.storyboard */ = {
			isa = PBXVariantGroup;
			children = (
				A8EDD3FF1FE21104004D97D1 /* Base */,
			);
			name = LaunchScreen.storyboard;
			sourceTree = "<group>";
		};
/* End PBXVariantGroup section */

/* Begin XCBuildConfiguration section */
		A8EDD4181FE21104004D97D1 /* Debug */ = {
			isa = XCBuildConfiguration;
			buildSettings = {
				ALWAYS_SEARCH_USER_PATHS = NO;
				CLANG_ANALYZER_NONNULL = YES;
				CLANG_ANALYZER_NUMBER_OBJECT_CONVERSION = YES_AGGRESSIVE;
				CLANG_CXX_LANGUAGE_STANDARD = "gnu++14";
				CLANG_CXX_LIBRARY = "libc++";
				CLANG_ENABLE_MODULES = YES;
				CLANG_ENABLE_OBJC_ARC = YES;
				CLANG_WARN_BLOCK_CAPTURE_AUTORELEASING = YES;
				CLANG_WARN_BOOL_CONVERSION = YES;
				CLANG_WARN_COMMA = YES;
				CLANG_WARN_CONSTANT_CONVERSION = YES;
				CLANG_WARN_DIRECT_OBJC_ISA_USAGE = YES_ERROR;
				CLANG_WARN_DOCUMENTATION_COMMENTS = YES;
				CLANG_WARN_EMPTY_BODY = YES;
				CLANG_WARN_ENUM_CONVERSION = YES;
				CLANG_WARN_INFINITE_RECURSION = YES;
				CLANG_WARN_INT_CONVERSION = YES;
				CLANG_WARN_NON_LITERAL_NULL_CONVERSION = YES;
				CLANG_WARN_OBJC_LITERAL_CONVERSION = YES;
				CLANG_WARN_OBJC_ROOT_CLASS = YES_ERROR;
				CLANG_WARN_RANGE_LOOP_ANALYSIS = YES;
				CLANG_WARN_STRICT_PROTOTYPES = YES;
				CLANG_WARN_SUSPICIOUS_MOVE = YES;
				CLANG_WARN_UNGUARDED_AVAILABILITY = YES_AGGRESSIVE;
				CLANG_WARN_UNREACHABLE_CODE = YES;
				CLANG_WARN__DUPLICATE_METHOD_MATCH = YES;
				CODE_SIGN_IDENTITY = "iPhone Developer";
				COPY_PHASE_STRIP = NO;
				DEBUG_INFORMATION_FORMAT = dwarf;
				ENABLE_STRICT_OBJC_MSGSEND = YES;
				ENABLE_TESTABILITY = YES;
				GCC_C_LANGUAGE_STANDARD = gnu11;
				GCC_DYNAMIC_NO_PIC = NO;
				GCC_NO_COMMON_BLOCKS = YES;
				GCC_OPTIMIZATION_LEVEL = 0;
				GCC_PREPROCESSOR_DEFINITIONS = (
					"DEBUG=1",
					"$(inherited)",
				);
				GCC_WARN_64_TO_32_BIT_CONVERSION = YES;
				GCC_WARN_ABOUT_RETURN_TYPE = YES_ERROR;
				GCC_WARN_UNDECLARED_SELECTOR = YES;
				GCC_WARN_UNINITIALIZED_AUTOS = YES_AGGRESSIVE;
				GCC_WARN_UNUSED_FUNCTION = YES;
				GCC_WARN_UNUSED_VARIABLE = YES;
				IPHONEOS_DEPLOYMENT_TARGET = 11.1;
				MTL_ENABLE_DEBUG_INFO = YES;
				ONLY_ACTIVE_ARCH = YES;
				SDKROOT = iphoneos;
				SWIFT_ACTIVE_COMPILATION_CONDITIONS = DEBUG;
				SWIFT_OPTIMIZATION_LEVEL = "-Onone";
			};
			name = Debug;
		};
		A8EDD4191FE21104004D97D1 /* Release */ = {
			isa = XCBuildConfiguration;
			buildSettings = {
				ALWAYS_SEARCH_USER_PATHS = NO;
				CLANG_ANALYZER_NONNULL = YES;
				CLANG_ANALYZER_NUMBER_OBJECT_CONVERSION = YES_AGGRESSIVE;
				CLANG_CXX_LANGUAGE_STANDARD = "gnu++14";
				CLANG_CXX_LIBRARY = "libc++";
				CLANG_ENABLE_MODULES = YES;
				CLANG_ENABLE_OBJC_ARC = YES;
				CLANG_WARN_BLOCK_CAPTURE_AUTORELEASING = YES;
				CLANG_WARN_BOOL_CONVERSION = YES;
				CLANG_WARN_COMMA = YES;
				CLANG_WARN_CONSTANT_CONVERSION = YES;
				CLANG_WARN_DIRECT_OBJC_ISA_USAGE = YES_ERROR;
				CLANG_WARN_DOCUMENTATION_COMMENTS = YES;
				CLANG_WARN_EMPTY_BODY = YES;
				CLANG_WARN_ENUM_CONVERSION = YES;
				CLANG_WARN_INFINITE_RECURSION = YES;
				CLANG_WARN_INT_CONVERSION = YES;
				CLANG_WARN_NON_LITERAL_NULL_CONVERSION = YES;
				CLANG_WARN_OBJC_LITERAL_CONVERSION = YES;
				CLANG_WARN_OBJC_ROOT_CLASS = YES_ERROR;
				CLANG_WARN_RANGE_LOOP_ANALYSIS = YES;
				CLANG_WARN_STRICT_PROTOTYPES = YES;
				CLANG_WARN_SUSPICIOUS_MOVE = YES;
				CLANG_WARN_UNGUARDED_AVAILABILITY = YES_AGGRESSIVE;
				CLANG_WARN_UNREACHABLE_CODE = YES;
				CLANG_WARN__DUPLICATE_METHOD_MATCH = YES;
				CODE_SIGN_IDENTITY = "iPhone Developer";
				COPY_PHASE_STRIP = NO;
				DEBUG_INFORMATION_FORMAT = "dwarf-with-dsym";
				ENABLE_NS_ASSERTIONS = NO;
				ENABLE_STRICT_OBJC_MSGSEND = YES;
				GCC_C_LANGUAGE_STANDARD = gnu11;
				GCC_NO_COMMON_BLOCKS = YES;
				GCC_WARN_64_TO_32_BIT_CONVERSION = YES;
				GCC_WARN_ABOUT_RETURN_TYPE = YES_ERROR;
				GCC_WARN_UNDECLARED_SELECTOR = YES;
				GCC_WARN_UNINITIALIZED_AUTOS = YES_AGGRESSIVE;
				GCC_WARN_UNUSED_FUNCTION = YES;
				GCC_WARN_UNUSED_VARIABLE = YES;
				IPHONEOS_DEPLOYMENT_TARGET = 11.1;
				MTL_ENABLE_DEBUG_INFO = NO;
				SDKROOT = iphoneos;
				SWIFT_OPTIMIZATION_LEVEL = "-Owholemodule";
				VALIDATE_PRODUCT = YES;
			};
			name = Release;
		};
		A8EDD41B1FE21104004D97D1 /* Debug */ = {
			isa = XCBuildConfiguration;
			baseConfigurationReference = FD46A7EFF5B7F74A0172C0E6 /* Pods-TestUnit.debug.xcconfig */;
			buildSettings = {
				ASSETCATALOG_COMPILER_APPICON_NAME = AppIcon;
				CODE_SIGN_STYLE = Automatic;
				DEFINES_MODULE = YES;
				DEVELOPMENT_TEAM = 274QRM25A5;
				FRAMEWORK_SEARCH_PATHS = (
					"$(inherited)",
					"$(PROJECT_DIR)/TestUnit",
					"$(PROJECT_DIR)",
				);
				INFOPLIST_FILE = TestUnit/Info.plist;
				IPHONEOS_DEPLOYMENT_TARGET = 11.0;
				LD_RUNPATH_SEARCH_PATHS = "$(inherited) @executable_path/Frameworks";
				LIBRARY_SEARCH_PATHS = (
					"$(inherited)",
					"$(PROJECT_DIR)",
				);
				PRODUCT_BUNDLE_IDENTIFIER = "---.TestUnit";
				PRODUCT_NAME = "$(TARGET_NAME)";
				SWIFT_VERSION = 4.0;
				TARGETED_DEVICE_FAMILY = "1,2";
			};
			name = Debug;
		};
		A8EDD41C1FE21104004D97D1 /* Release */ = {
			isa = XCBuildConfiguration;
			baseConfigurationReference = D11BE2E5BF580402D367679F /* Pods-TestUnit.release.xcconfig */;
			buildSettings = {
				ASSETCATALOG_COMPILER_APPICON_NAME = AppIcon;
				CODE_SIGN_STYLE = Automatic;
				DEFINES_MODULE = YES;
				DEVELOPMENT_TEAM = 274QRM25A5;
				FRAMEWORK_SEARCH_PATHS = (
					"$(inherited)",
					"$(PROJECT_DIR)/TestUnit",
					"$(PROJECT_DIR)",
				);
				INFOPLIST_FILE = TestUnit/Info.plist;
				IPHONEOS_DEPLOYMENT_TARGET = 11.0;
				LD_RUNPATH_SEARCH_PATHS = "$(inherited) @executable_path/Frameworks";
				LIBRARY_SEARCH_PATHS = (
					"$(inherited)",
					"$(PROJECT_DIR)",
				);
				PRODUCT_BUNDLE_IDENTIFIER = "---.TestUnit";
				PRODUCT_NAME = "$(TARGET_NAME)";
				SWIFT_VERSION = 4.0;
				TARGETED_DEVICE_FAMILY = "1,2";
			};
			name = Release;
		};
		A8EDD41E1FE21104004D97D1 /* Debug */ = {
			isa = XCBuildConfiguration;
			baseConfigurationReference = 0A8A36A89734B9109628856F /* Pods-TestUnit-TestUnitTests.debug.xcconfig */;
			buildSettings = {
				ALWAYS_EMBED_SWIFT_STANDARD_LIBRARIES = YES;
				BUNDLE_LOADER = "$(TEST_HOST)";
				CODE_SIGN_STYLE = Automatic;
				DEVELOPMENT_TEAM = 274QRM25A5;
				FRAMEWORK_SEARCH_PATHS = (
					"$(inherited)",
					"$(PROJECT_DIR)",
				);
				INFOPLIST_FILE = TestUnitTests/Info.plist;
				LD_RUNPATH_SEARCH_PATHS = "$(inherited) @executable_path/Frameworks @loader_path/Frameworks";
				LIBRARY_SEARCH_PATHS = (
					"$(inherited)",
					"$(PROJECT_DIR)",
				);
				PRODUCT_BUNDLE_IDENTIFIER = "---.TestUnitTests";
				PRODUCT_NAME = "$(TARGET_NAME)";
				SWIFT_OBJC_BRIDGING_HEADER = "/Users/zhengxiaoyan/Desktop/Swift/TestUnit/TestUnitTests/SwiftExamplesTests-Bridging-Header.h";
				SWIFT_VERSION = 4.0;
				TARGETED_DEVICE_FAMILY = "1,2";
				TEST_HOST = "$(BUILT_PRODUCTS_DIR)/TestUnit.app/TestUnit";
			};
			name = Debug;
		};
		A8EDD41F1FE21104004D97D1 /* Release */ = {
			isa = XCBuildConfiguration;
			baseConfigurationReference = 214788C5B8ABF573417D6AE3 /* Pods-TestUnit-TestUnitTests.release.xcconfig */;
			buildSettings = {
				ALWAYS_EMBED_SWIFT_STANDARD_LIBRARIES = YES;
				BUNDLE_LOADER = "$(TEST_HOST)";
				CODE_SIGN_STYLE = Automatic;
				DEVELOPMENT_TEAM = 274QRM25A5;
				FRAMEWORK_SEARCH_PATHS = (
					"$(inherited)",
					"$(PROJECT_DIR)",
				);
				INFOPLIST_FILE = TestUnitTests/Info.plist;
				LD_RUNPATH_SEARCH_PATHS = "$(inherited) @executable_path/Frameworks @loader_path/Frameworks";
				LIBRARY_SEARCH_PATHS = (
					"$(inherited)",
					"$(PROJECT_DIR)",
				);
				PRODUCT_BUNDLE_IDENTIFIER = "---.TestUnitTests";
				PRODUCT_NAME = "$(TARGET_NAME)";
				SWIFT_OBJC_BRIDGING_HEADER = "/Users/zhengxiaoyan/Desktop/Swift/TestUnit/TestUnitTests/SwiftExamplesTests-Bridging-Header.h";
				SWIFT_VERSION = 4.0;
				TARGETED_DEVICE_FAMILY = "1,2";
				TEST_HOST = "$(BUILT_PRODUCTS_DIR)/TestUnit.app/TestUnit";
			};
			name = Release;
		};
		A8EDD4211FE21104004D97D1 /* Debug */ = {
			isa = XCBuildConfiguration;
			baseConfigurationReference = 707F2DDFDDE124AFB3FD6A4A /* Pods-TestUnit-TestUnitUITests.debug.xcconfig */;
			buildSettings = {
				ALWAYS_EMBED_SWIFT_STANDARD_LIBRARIES = YES;
				CODE_SIGN_STYLE = Automatic;
				DEVELOPMENT_TEAM = 274QRM25A5;
				INFOPLIST_FILE = TestUnitUITests/Info.plist;
				LD_RUNPATH_SEARCH_PATHS = "$(inherited) @executable_path/Frameworks @loader_path/Frameworks";
				PRODUCT_BUNDLE_IDENTIFIER = "---.TestUnitUITests";
				PRODUCT_NAME = "$(TARGET_NAME)";
				SWIFT_VERSION = 4.0;
				TARGETED_DEVICE_FAMILY = "1,2";
				TEST_TARGET_NAME = TestUnit;
			};
			name = Debug;
		};
		A8EDD4221FE21104004D97D1 /* Release */ = {
			isa = XCBuildConfiguration;
			baseConfigurationReference = E3FA46488EB21FAAA45784DC /* Pods-TestUnit-TestUnitUITests.release.xcconfig */;
			buildSettings = {
				ALWAYS_EMBED_SWIFT_STANDARD_LIBRARIES = YES;
				CODE_SIGN_STYLE = Automatic;
				DEVELOPMENT_TEAM = 274QRM25A5;
				INFOPLIST_FILE = TestUnitUITests/Info.plist;
				LD_RUNPATH_SEARCH_PATHS = "$(inherited) @executable_path/Frameworks @loader_path/Frameworks";
				PRODUCT_BUNDLE_IDENTIFIER = "---.TestUnitUITests";
				PRODUCT_NAME = "$(TARGET_NAME)";
				SWIFT_VERSION = 4.0;
				TARGETED_DEVICE_FAMILY = "1,2";
				TEST_TARGET_NAME = TestUnit;
			};
			name = Release;
		};
/* End XCBuildConfiguration section */

/* Begin XCConfigurationList section */
		A8EDD3EA1FE21104004D97D1 /* Build configuration list for PBXProject "TestUnit" */ = {
			isa = XCConfigurationList;
			buildConfigurations = (
				A8EDD4181FE21104004D97D1 /* Debug */,
				A8EDD4191FE21104004D97D1 /* Release */,
			);
			defaultConfigurationIsVisible = 0;
			defaultConfigurationName = Release;
		};
		A8EDD41A1FE21104004D97D1 /* Build configuration list for PBXNativeTarget "TestUnit" */ = {
			isa = XCConfigurationList;
			buildConfigurations = (
				A8EDD41B1FE21104004D97D1 /* Debug */,
				A8EDD41C1FE21104004D97D1 /* Release */,
			);
			defaultConfigurationIsVisible = 0;
			defaultConfigurationName = Release;
		};
		A8EDD41D1FE21104004D97D1 /* Build configuration list for PBXNativeTarget "TestUnitTests" */ = {
			isa = XCConfigurationList;
			buildConfigurations = (
				A8EDD41E1FE21104004D97D1 /* Debug */,
				A8EDD41F1FE21104004D97D1 /* Release */,
			);
			defaultConfigurationIsVisible = 0;
			defaultConfigurationName = Release;
		};
		A8EDD4201FE21104004D97D1 /* Build configuration list for PBXNativeTarget "TestUnitUITests" */ = {
			isa = XCConfigurationList;
			buildConfigurations = (
				A8EDD4211FE21104004D97D1 /* Debug */,
				A8EDD4221FE21104004D97D1 /* Release */,
			);
			defaultConfigurationIsVisible = 0;
			defaultConfigurationName = Release;
		};
/* End XCConfigurationList section */

/* Begin XCVersionGroup section */
		A8EDD3F91FE21104004D97D1 /* TestUnit.xcdatamodeld */ = {
			isa = XCVersionGroup;
			children = (
				A8EDD3FA1FE21104004D97D1 /* TestUnit.xcdatamodel */,
			);
			currentVersion = A8EDD3FA1FE21104004D97D1 /* TestUnit.xcdatamodel */;
			path = TestUnit.xcdatamodeld;
			sourceTree = "<group>";
			versionGroupType = wrapper.xcdatamodel;
		};
/* End XCVersionGroup section */
	};
	rootObject = A8EDD3E71FE21104004D97D1 /* Project object */;
}
